
Microsoft Visual Studio Solution File, Format Version 12.00
# Visual Studio Version 17
VisualStudioVersion = 17.2.32616.157
MinimumVisualStudioVersion = 10.0.40219.1
Project("{FAE04EC0-301F-11D3-BF4B-00C04F79EFBC}") = "Sorting-Filtering-Paging", "Sorting-Filtering-Paging\Sorting-Filtering-Paging.csproj", "{4554DEDF-51E2-47D3-9BE8-A3F4C6EC0916}"
EndProject
Global
	GlobalSection(SolutionConfigurationPlatforms) = preSolution
		Debug|Any CPU = Debug|Any CPU
		Release|Any CPU = Release|Any CPU
	EndGlobalSection
	GlobalSection(ProjectConfigurationPlatforms) = postSolution
		{4554DEDF-51E2-47D3-9BE8-A3F4C6EC0916}.Debug|Any CPU.ActiveCfg = Debug|Any CPU
		{4554DEDF-51E2-47D3-9BE8-A3F4C6EC0916}.Debug|Any CPU.Build.0 = Debug|Any CPU
		{4554DEDF-51E2-47D3-9BE8-A3F4C6EC0916}.Release|Any CPU.ActiveCfg = Release|Any CPU
		{4554DEDF-51E2-47D3-9BE8-A3F4C6EC0916}.Release|Any CPU.Build.0 = Release|Any CPU
	EndGlobalSection
	GlobalSection(SolutionProperties) = preSolution
		HideSolutionNode = FALSE
	EndGlobalSection
	GlobalSection(ExtensibilityGlobals) = postSolution
		SolutionGuid = {3D3AA52E-EB55-4818-B11E-698654F39537}
	EndGlobalSection
EndGlobal
